
Microsoft Visual Studio Solution File, Format Version 12.00
# Visual Studio Version 17
VisualStudioVersion = 17.14.36518.9
MinimumVisualStudioVersion = 10.0.40219.1
Project("{54A90642-561A-4BB1-A94E-469ADEE60C69}") = "assetmgt.client", "assetmgt.client\assetmgt.client.esproj", "{75CFEFFB-6A35-A7D9-8C25-3BE5AF122E90}"
EndProject
Project("{FAE04EC0-301F-11D3-BF4B-00C04F79EFBC}") = "AssetMgt.Server", "AssetMgt.Server\AssetMgt.Server.csproj", "{3E027A0D-7878-496B-84C0-0A5CF0D571C4}"
EndProject
Project("{2150E333-8FDC-42A3-9474-1A3956D46DE8}") = "Solution Items", "Solution Items", "{8EC462FD-D22E-90A8-E5CE-7E832BA40C5D}"
	ProjectSection(SolutionItems) = preProject
		appsettings.Development.json = appsettings.Development.json
	EndProjectSection
EndProject
Global
	GlobalSection(SolutionConfigurationPlatforms) = preSolution
		Debug|Any CPU = Debug|Any CPU
		Release|Any CPU = Release|Any CPU
	EndGlobalSection
	GlobalSection(ProjectConfigurationPlatforms) = postSolution
		{75CFEFFB-6A35-A7D9-8C25-3BE5AF122E90}.Debug|Any CPU.ActiveCfg = Debug|Any CPU
		{75CFEFFB-6A35-A7D9-8C25-3BE5AF122E90}.Debug|Any CPU.Build.0 = Debug|Any CPU
		{75CFEFFB-6A35-A7D9-8C25-3BE5AF122E90}.Debug|Any CPU.Deploy.0 = Debug|Any CPU
		{75CFEFFB-6A35-A7D9-8C25-3BE5AF122E90}.Release|Any CPU.ActiveCfg = Release|Any CPU
		{75CFEFFB-6A35-A7D9-8C25-3BE5AF122E90}.Release|Any CPU.Build.0 = Release|Any CPU
		{75CFEFFB-6A35-A7D9-8C25-3BE5AF122E90}.Release|Any CPU.Deploy.0 = Release|Any CPU
		{3E027A0D-7878-496B-84C0-0A5CF0D571C4}.Debug|Any CPU.ActiveCfg = Debug|Any CPU
		{3E027A0D-7878-496B-84C0-0A5CF0D571C4}.Debug|Any CPU.Build.0 = Debug|Any CPU
		{3E027A0D-7878-496B-84C0-0A5CF0D571C4}.Release|Any CPU.ActiveCfg = Release|Any CPU
		{3E027A0D-7878-496B-84C0-0A5CF0D571C4}.Release|Any CPU.Build.0 = Release|Any CPU
	EndGlobalSection
	GlobalSection(SolutionProperties) = preSolution
		HideSolutionNode = FALSE
	EndGlobalSection
	GlobalSection(ExtensibilityGlobals) = postSolution
		SolutionGuid = {0E4E0BA3-99BC-4707-8A75-8148FFD99C10}
	EndGlobalSection
EndGlobal
